
Microsoft Visual Studio Solution File, Format Version 12.00
# Visual Studio Version 16
VisualStudioVersion = 16.0.31729.503
MinimumVisualStudioVersion = 10.0.40219.1
Project("{FAE04EC0-301F-11D3-BF4B-00C04F79EFBC}") = "ProvaAgenti", "ProvaAgenti\ProvaAgenti.csproj", "{17044F61-3984-41BA-8D6B-FA57DA59FEF2}"
EndProject
Global
	GlobalSection(SolutionConfigurationPlatforms) = preSolution
		Debug|Any CPU = Debug|Any CPU
		Release|Any CPU = Release|Any CPU
	EndGlobalSection
	GlobalSection(ProjectConfigurationPlatforms) = postSolution
		{17044F61-3984-41BA-8D6B-FA57DA59FEF2}.Debug|Any CPU.ActiveCfg = Debug|Any CPU
		{17044F61-3984-41BA-8D6B-FA57DA59FEF2}.Debug|Any CPU.Build.0 = Debug|Any CPU
		{17044F61-3984-41BA-8D6B-FA57DA59FEF2}.Release|Any CPU.ActiveCfg = Release|Any CPU
		{17044F61-3984-41BA-8D6B-FA57DA59FEF2}.Release|Any CPU.Build.0 = Release|Any CPU
	EndGlobalSection
	GlobalSection(SolutionProperties) = preSolution
		HideSolutionNode = FALSE
	EndGlobalSection
	GlobalSection(ExtensibilityGlobals) = postSolution
		SolutionGuid = {EC639516-1BF6-4E5A-B049-571987DEBE04}
	EndGlobalSection
EndGlobal
